
Microsoft Visual Studio Solution File, Format Version 12.00
# Visual Studio Version 17
VisualStudioVersion = 17.3.32825.248
MinimumVisualStudioVersion = 10.0.40219.1
Project("{FAE04EC0-301F-11D3-BF4B-00C04F79EFBC}") = "PeopleManager.Ui.WebApp", "PeopleManager.Ui.WebApp\PeopleManager.Ui.WebApp.csproj", "{3E7F4AAA-A5D9-49C7-A38D-2A88F973DFA9}"
EndProject
Global
	GlobalSection(SolutionConfigurationPlatforms) = preSolution
		Debug|Any CPU = Debug|Any CPU
		Release|Any CPU = Release|Any CPU
	EndGlobalSection
	GlobalSection(ProjectConfigurationPlatforms) = postSolution
		{3E7F4AAA-A5D9-49C7-A38D-2A88F973DFA9}.Debug|Any CPU.ActiveCfg = Debug|Any CPU
		{3E7F4AAA-A5D9-49C7-A38D-2A88F973DFA9}.Debug|Any CPU.Build.0 = Debug|Any CPU
		{3E7F4AAA-A5D9-49C7-A38D-2A88F973DFA9}.Release|Any CPU.ActiveCfg = Release|Any CPU
		{3E7F4AAA-A5D9-49C7-A38D-2A88F973DFA9}.Release|Any CPU.Build.0 = Release|Any CPU
	EndGlobalSection
	GlobalSection(SolutionProperties) = preSolution
		HideSolutionNode = FALSE
	EndGlobalSection
	GlobalSection(ExtensibilityGlobals) = postSolution
		SolutionGuid = {9F8ADFBF-C986-4750-A83E-4AC5E43801C7}
	EndGlobalSection
EndGlobal
